// !$*UTF8*$!
{
	archiveVersion = 1;
	classes = {
	};
	objectVersion = 50;
	objects = {

/* Begin PBXBuildFile section */
		A85319732685B2F4005BB320 /* AppDelegate.swift in Sources */ = {isa = PBXBuildFile; fileRef = A85319722685B2F4005BB320 /* AppDelegate.swift */; };
		A85319752685B2F4005BB320 /* SceneDelegate.swift in Sources */ = {isa = PBXBuildFile; fileRef = A85319742685B2F4005BB320 /* SceneDelegate.swift */; };
		A85319772685B2F4005BB320 /* ViewController.swift in Sources */ = {isa = PBXBuildFile; fileRef = A85319762685B2F4005BB320 /* ViewController.swift */; };
		A853197A2685B2F4005BB320 /* Main.storyboard in Resources */ = {isa = PBXBuildFile; fileRef = A85319782685B2F4005BB320 /* Main.storyboard */; };
		A853197C2685B2F5005BB320 /* Assets.xcassets in Resources */ = {isa = PBXBuildFile; fileRef = A853197B2685B2F5005BB320 /* Assets.xcassets */; };
		A853197F2685B2F5005BB320 /* LaunchScreen.storyboard in Resources */ = {isa = PBXBuildFile; fileRef = A853197D2685B2F5005BB320 /* LaunchScreen.storyboard */; };
		A853198726864692005BB320 /* favoriteDisneyMoviePage.swift in Sources */ = {isa = PBXBuildFile; fileRef = A853198626864692005BB320 /* favoriteDisneyMoviePage.swift */; };
		A853198926866A49005BB320 /* favoriteEmojiPage.swift in Sources */ = {isa = PBXBuildFile; fileRef = A853198826866A49005BB320 /* favoriteEmojiPage.swift */; };
		A853198B2686B364005BB320 /* summerSportPage.swift in Sources */ = {isa = PBXBuildFile; fileRef = A853198A2686B364005BB320 /* summerSportPage.swift */; };
		A853198D2686B6DE005BB320 /* summerVacationSpotPage.swift in Sources */ = {isa = PBXBuildFile; fileRef = A853198C2686B6DE005BB320 /* summerVacationSpotPage.swift */; };
/* End PBXBuildFile section */

/* Begin PBXFileReference section */
		A853196F2685B2F4005BB320 /* miniProjectNumberTwo.app */ = {isa = PBXFileReference; explicitFileType = wrapper.application; includeInIndex = 0; path = miniProjectNumberTwo.app; sourceTree = BUILT_PRODUCTS_DIR; };
		A85319722685B2F4005BB320 /* AppDelegate.swift */ = {isa = PBXFileReference; lastKnownFileType = sourcecode.swift; path = AppDelegate.swift; sourceTree = "<group>"; };
		A85319742685B2F4005BB320 /* SceneDelegate.swift */ = {isa = PBXFileReference; lastKnownFileType = sourcecode.swift; path = SceneDelegate.swift; sourceTree = "<group>"; };
		A85319762685B2F4005BB320 /* ViewController.swift */ = {isa = PBXFileReference; lastKnownFileType = sourcecode.swift; path = ViewController.swift; sourceTree = "<group>"; };
		A85319792685B2F4005BB320 /* Base */ = {isa = PBXFileReference; lastKnownFileType = file.storyboard; name = Base; path = Base.lproj/Main.storyboard; sourceTree = "<group>"; };
		A853197B2685B2F5005BB320 /* Assets.xcassets */ = {isa = PBXFileReference; lastKnownFileType = folder.assetcatalog; path = Assets.xcassets; sourceTree = "<group>"; };
		A853197E2685B2F5005BB320 /* Base */ = {isa = PBXFileReference; lastKnownFileType = file.storyboard; name = Base; path = Base.lproj/LaunchScreen.storyboard; sourceTree = "<group>"; };
		A85319802685B2F5005BB320 /* Info.plist */ = {isa = PBXFileReference; lastKnownFileType = text.plist.xml; path = Info.plist; sourceTree = "<group>"; };
		A853198626864692005BB320 /* favoriteDisneyMoviePage.swift */ = {isa = PBXFileReference; lastKnownFileType = sourcecode.swift; path = favoriteDisneyMoviePage.swift; sourceTree = "<group>"; };
		A853198826866A49005BB320 /* favoriteEmojiPage.swift */ = {isa = PBXFileReference; lastKnownFileType = sourcecode.swift; path = favoriteEmojiPage.swift; sourceTree = "<group>"; };
		A853198A2686B364005BB320 /* summerSportPage.swift */ = {isa = PBXFileReference; lastKnownFileType = sourcecode.swift; path = summerSportPage.swift; sourceTree = "<group>"; };
		A853198C2686B6DE005BB320 /* summerVacationSpotPage.swift */ = {isa = PBXFileReference; lastKnownFileType = sourcecode.swift; path = summerVacationSpotPage.swift; sourceTree = "<group>"; };
/* End PBXFileReference section */

/* Begin PBXFrameworksBuildPhase section */
		A853196C2685B2F4005BB320 /* Frameworks */ = {
			isa = PBXFrameworksBuildPhase;
			buildActionMask = 2147483647;
			files = (
			);
			runOnlyForDeploymentPostprocessing = 0;
		};
/* End PBXFrameworksBuildPhase section */

/* Begin PBXGroup section */
		A85319662685B2F4005BB320 = {
			isa = PBXGroup;
			children = (
				A853198C2686B6DE005BB320 /* summerVacationSpotPage.swift */,
				A853198A2686B364005BB320 /* summerSportPage.swift */,
				A853198626864692005BB320 /* favoriteDisneyMoviePage.swift */,
				A85319712685B2F4005BB320 /* miniProjectNumberTwo */,
				A85319702685B2F4005BB320 /* Products */,
			);
			sourceTree = "<group>";
		};
		A85319702685B2F4005BB320 /* Products */ = {
			isa = PBXGroup;
			children = (
				A853196F2685B2F4005BB320 /* miniProjectNumberTwo.app */,
			);
			name = Products;
			sourceTree = "<group>";
		};
		A85319712685B2F4005BB320 /* miniProjectNumberTwo */ = {
			isa = PBXGroup;
			children = (
				A85319722685B2F4005BB320 /* AppDelegate.swift */,
				A85319742685B2F4005BB320 /* SceneDelegate.swift */,
				A85319762685B2F4005BB320 /* ViewController.swift */,
				A85319782685B2F4005BB320 /* Main.storyboard */,
				A853198826866A49005BB320 /* favoriteEmojiPage.swift */,
				A853197B2685B2F5005BB320 /* Assets.xcassets */,
				A853197D2685B2F5005BB320 /* LaunchScreen.storyboard */,
				A85319802685B2F5005BB320 /* Info.plist */,
			);
			path = miniProjectNumberTwo;
			sourceTree = "<group>";
		};
/* End PBXGroup section */

/* Begin PBXNativeTarget section */
		A853196E2685B2F4005BB320 /* miniProjectNumberTwo */ = {
			isa = PBXNativeTarget;
			buildConfigurationList = A85319832685B2F5005BB320 /* Build configuration list for PBXNativeTarget "miniProjectNumberTwo" */;
			buildPhases = (
				A853196B2685B2F4005BB320 /* Sources */,
				A853196C2685B2F4005BB320 /* Frameworks */,
				A853196D2685B2F4005BB320 /* Resources */,
			);
			buildRules = (
			);
			dependencies = (
			);
			name = miniProjectNumberTwo;
			productName = miniProjectNumberTwo;
			productReference = A853196F2685B2F4005BB320 /* miniProjectNumberTwo.app */;
			productType = "com.apple.product-type.application";
		};
/* End PBXNativeTarget section */

/* Begin PBXProject section */
		A85319672685B2F4005BB320 /* Project object */ = {
			isa = PBXProject;
			attributes = {
				LastSwiftUpdateCheck = 1250;
				LastUpgradeCheck = 1250;
				TargetAttributes = {
					A853196E2685B2F4005BB320 = {
						CreatedOnToolsVersion = 12.5;
					};
				};
			};
			buildConfigurationList = A853196A2685B2F4005BB320 /* Build configuration list for PBXProject "miniProjectNumberTwo" */;
			compatibilityVersion = "Xcode 9.3";
			developmentRegion = en;
			hasScannedForEncodings = 0;
			knownRegions = (
				en,
				Base,
			);
			mainGroup = A85319662685B2F4005BB320;
			productRefGroup = A85319702685B2F4005BB320 /* Products */;
			projectDirPath = "";
			projectRoot = "";
			targets = (
				A853196E2685B2F4005BB320 /* miniProjectNumberTwo */,
			);
		};
/* End PBXProject section */

/* Begin PBXResourcesBuildPhase section */
		A853196D2685B2F4005BB320 /* Resources */ = {
			isa = PBXResourcesBuildPhase;
			buildActionMask = 2147483647;
			files = (
				A853197F2685B2F5005BB320 /* LaunchScreen.storyboard in Resources */,
				A853197C2685B2F5005BB320 /* Assets.xcassets in Resources */,
				A853197A2685B2F4005BB320 /* Main.storyboard in Resources */,
			);
			runOnlyForDeploymentPostprocessing = 0;
		};
/* End PBXResourcesBuildPhase section */

/* Begin PBXSourcesBuildPhase section */
		A853196B2685B2F4005BB320 /* Sources */ = {
			isa = PBXSourcesBuildPhase;
			buildActionMask = 2147483647;
			files = (
				A853198926866A49005BB320 /* favoriteEmojiPage.swift in Sources */,
				A85319772685B2F4005BB320 /* ViewController.swift in Sources */,
				A853198D2686B6DE005BB320 /* summerVacationSpotPage.swift in Sources */,
				A853198B2686B364005BB320 /* summerSportPage.swift in Sources */,
				A853198726864692005BB320 /* favoriteDisneyMoviePage.swift in Sources */,
				A85319732685B2F4005BB320 /* AppDelegate.swift in Sources */,
				A85319752685B2F4005BB320 /* SceneDelegate.swift in Sources */,
			);
			runOnlyForDeploymentPostprocessing = 0;
		};
/* End PBXSourcesBuildPhase section */

/* Begin PBXVariantGroup section */
		A85319782685B2F4005BB320 /* Main.storyboard */ = {
			isa = PBXVariantGroup;
			children = (
				A85319792685B2F4005BB320 /* Base */,
			);
			name = Main.storyboard;
			sourceTree = "<group>";
		};
		A853197D2685B2F5005BB320 /* LaunchScreen.storyboard */ = {
			isa = PBXVariantGroup;
			children = (
				A853197E2685B2F5005BB320 /* Base */,
			);
			name = LaunchScreen.storyboard;
			sourceTree = "<group>";
		};
/* End PBXVariantGroup section */

/* Begin XCBuildConfiguration section */
		A85319812685B2F5005BB320 /* Debug */ = {
			isa = XCBuildConfiguration;
			buildSettings = {
				ALWAYS_SEARCH_USER_PATHS = NO;
				CLANG_ANALYZER_NONNULL = YES;
				CLANG_ANALYZER_NUMBER_OBJECT_CONVERSION = YES_AGGRESSIVE;
				CLANG_CXX_LANGUAGE_STANDARD = "gnu++14";
				CLANG_CXX_LIBRARY = "libc++";
				CLANG_ENABLE_MODULES = YES;
				CLANG_ENABLE_OBJC_ARC = YES;
				CLANG_ENABLE_OBJC_WEAK = YES;
				CLANG_WARN_BLOCK_CAPTURE_AUTORELEASING = YES;
				CLANG_WARN_BOOL_CONVERSION = YES;
				CLANG_WARN_COMMA = YES;
				CLANG_WARN_CONSTANT_CONVERSION = YES;
				CLANG_WARN_DEPRECATED_OBJC_IMPLEMENTATIONS = YES;
				CLANG_WARN_DIRECT_OBJC_ISA_USAGE = YES_ERROR;
				CLANG_WARN_DOCUMENTATION_COMMENTS = YES;
				CLANG_WARN_EMPTY_BODY = YES;
				CLANG_WARN_ENUM_CONVERSION = YES;
				CLANG_WARN_INFINITE_RECURSION = YES;
				CLANG_WARN_INT_CONVERSION = YES;
				CLANG_WARN_NON_LITERAL_NULL_CONVERSION = YES;
				CLANG_WARN_OBJC_IMPLICIT_RETAIN_SELF = YES;
				CLANG_WARN_OBJC_LITERAL_CONVERSION = YES;
				CLANG_WARN_OBJC_ROOT_CLASS = YES_ERROR;
				CLANG_WARN_QUOTED_INCLUDE_IN_FRAMEWORK_HEADER = YES;
				CLANG_WARN_RANGE_LOOP_ANALYSIS = YES;
				CLANG_WARN_STRICT_PROTOTYPES = YES;
				CLANG_WARN_SUSPICIOUS_MOVE = YES;
				CLANG_WARN_UNGUARDED_AVAILABILITY = YES_AGGRESSIVE;
				CLANG_WARN_UNREACHABLE_CODE = YES;
				CLANG_WARN__DUPLICATE_METHOD_MATCH = YES;
				COPY_PHASE_STRIP = NO;
				DEBUG_INFORMATION_FORMAT = dwarf;
				ENABLE_STRICT_OBJC_MSGSEND = YES;
				ENABLE_TESTABILITY = YES;
				GCC_C_LANGUAGE_STANDARD = gnu11;
				GCC_DYNAMIC_NO_PIC = NO;
				GCC_NO_COMMON_BLOCKS = YES;
				GCC_OPTIMIZATION_LEVEL = 0;
				GCC_PREPROCESSOR_DEFINITIONS = (
					"DEBUG=1",
					"$(inherited)",
				);
				GCC_WARN_64_TO_32_BIT_CONVERSION = YES;
				GCC_WARN_ABOUT_RETURN_TYPE = YES_ERROR;
				GCC_WARN_UNDECLARED_SELECTOR = YES;
				GCC_WARN_UNINITIALIZED_AUTOS = YES_AGGRESSIVE;
				GCC_WARN_UNUSED_FUNCTION = YES;
				GCC_WARN_UNUSED_VARIABLE = YES;
				IPHONEOS_DEPLOYMENT_TARGET = 14.5;
				MTL_ENABLE_DEBUG_INFO = INCLUDE_SOURCE;
				MTL_FAST_MATH = YES;
				ONLY_ACTIVE_ARCH = YES;
				SDKROOT = iphoneos;
				SWIFT_ACTIVE_COMPILATION_CONDITIONS = DEBUG;
				SWIFT_OPTIMIZATION_LEVEL = "-Onone";
			};
			name = Debug;
		};
		A85319822685B2F5005BB320 /* Release */ = {
			isa = XCBuildConfiguration;
			buildSettings = {
				ALWAYS_SEARCH_USER_PATHS = NO;
				CLANG_ANALYZER_NONNULL = YES;
				CLANG_ANALYZER_NUMBER_OBJECT_CONVERSION = YES_AGGRESSIVE;
				CLANG_CXX_LANGUAGE_STANDARD = "gnu++14";
				CLANG_CXX_LIBRARY = "libc++";
				CLANG_ENABLE_MODULES = YES;
				CLANG_ENABLE_OBJC_ARC = YES;
				CLANG_ENABLE_OBJC_WEAK = YES;
				CLANG_WARN_BLOCK_CAPTURE_AUTORELEASING = YES;
				CLANG_WARN_BOOL_CONVERSION = YES;
				CLANG_WARN_COMMA = YES;
				CLANG_WARN_CONSTANT_CONVERSION = YES;
				CLANG_WARN_DEPRECATED_OBJC_IMPLEMENTATIONS = YES;
				CLANG_WARN_DIRECT_OBJC_ISA_USAGE = YES_ERROR;
				CLANG_WARN_DOCUMENTATION_COMMENTS = YES;
				CLANG_WARN_EMPTY_BODY = YES;
				CLANG_WARN_ENUM_CONVERSION = YES;
				CLANG_WARN_INFINITE_RECURSION = YES;
				CLANG_WARN_INT_CONVERSION = YES;
				CLANG_WARN_NON_LITERAL_NULL_CONVERSION = YES;
				CLANG_WARN_OBJC_IMPLICIT_RETAIN_SELF = YES;
				CLANG_WARN_OBJC_LITERAL_CONVERSION = YES;
				CLANG_WARN_OBJC_ROOT_CLASS = YES_ERROR;
				CLANG_WARN_QUOTED_INCLUDE_IN_FRAMEWORK_HEADER = YES;
				CLANG_WARN_RANGE_LOOP_ANALYSIS = YES;
				CLANG_WARN_STRICT_PROTOTYPES = YES;
				CLANG_WARN_SUSPICIOUS_MOVE = YES;
				CLANG_WARN_UNGUARDED_AVAILABILITY = YES_AGGRESSIVE;
				CLANG_WARN_UNREACHABLE_CODE = YES;
				CLANG_WARN__DUPLICATE_METHOD_MATCH = YES;
				COPY_PHASE_STRIP = NO;
				DEBUG_INFORMATION_FORMAT = "dwarf-with-dsym";
				ENABLE_NS_ASSERTIONS = NO;
				ENABLE_STRICT_OBJC_MSGSEND = YES;
				GCC_C_LANGUAGE_STANDARD = gnu11;
				GCC_NO_COMMON_BLOCKS = YES;
				GCC_WARN_64_TO_32_BIT_CONVERSION = YES;
				GCC_WARN_ABOUT_RETURN_TYPE = YES_ERROR;
				GCC_WARN_UNDECLARED_SELECTOR = YES;
				GCC_WARN_UNINITIALIZED_AUTOS = YES_AGGRESSIVE;
				GCC_WARN_UNUSED_FUNCTION = YES;
				GCC_WARN_UNUSED_VARIABLE = YES;
				IPHONEOS_DEPLOYMENT_TARGET = 14.5;
				MTL_ENABLE_DEBUG_INFO = NO;
				MTL_FAST_MATH = YES;
				SDKROOT = iphoneos;
				SWIFT_COMPILATION_MODE = wholemodule;
				SWIFT_OPTIMIZATION_LEVEL = "-O";
				VALIDATE_PRODUCT = YES;
			};
			name = Release;
		};
		A85319842685B2F5005BB320 /* Debug */ = {
			isa = XCBuildConfiguration;
			buildSettings = {
				ASSETCATALOG_COMPILER_APPICON_NAME = AppIcon;
				ASSETCATALOG_COMPILER_GLOBAL_ACCENT_COLOR_NAME = AccentColor;
				CODE_SIGN_STYLE = Automatic;
				INFOPLIST_FILE = miniProjectNumberTwo/Info.plist;
				LD_RUNPATH_SEARCH_PATHS = (
					"$(inherited)",
					"@executable_path/Frameworks",
				);
				PRODUCT_BUNDLE_IDENTIFIER = "Kode-With-Klossy.miniProjectNumberTwo";
				PRODUCT_NAME = "$(TARGET_NAME)";
				SWIFT_VERSION = 5.0;
				TARGETED_DEVICE_FAMILY = "1,2";
			};
			name = Debug;
		};
		A85319852685B2F5005BB320 /* Release */ = {
			isa = XCBuildConfiguration;
			buildSettings = {
				ASSETCATALOG_COMPILER_APPICON_NAME = AppIcon;
				ASSETCATALOG_COMPILER_GLOBAL_ACCENT_COLOR_NAME = AccentColor;
				CODE_SIGN_STYLE = Automatic;
				INFOPLIST_FILE = miniProjectNumberTwo/Info.plist;
				LD_RUNPATH_SEARCH_PATHS = (
					"$(inherited)",
					"@executable_path/Frameworks",
				);
				PRODUCT_BUNDLE_IDENTIFIER = "Kode-With-Klossy.miniProjectNumberTwo";
				PRODUCT_NAME = "$(TARGET_NAME)";
				SWIFT_VERSION = 5.0;
				TARGETED_DEVICE_FAMILY = "1,2";
			};
			name = Release;
		};
/* End XCBuildConfiguration section */

/* Begin XCConfigurationList section */
		A853196A2685B2F4005BB320 /* Build configuration list for PBXProject "miniProjectNumberTwo" */ = {
			isa = XCConfigurationList;
			buildConfigurations = (
				A85319812685B2F5005BB320 /* Debug */,
				A85319822685B2F5005BB320 /* Release */,
			);
			defaultConfigurationIsVisible = 0;
			defaultConfigurationName = Release;
		};
		A85319832685B2F5005BB320 /* Build configuration list for PBXNativeTarget "miniProjectNumberTwo" */ = {
			isa = XCConfigurationList;
			buildConfigurations = (
				A85319842685B2F5005BB320 /* Debug */,
				A85319852685B2F5005BB320 /* Release */,
			);
			defaultConfigurationIsVisible = 0;
			defaultConfigurationName = Release;
		};
/* End XCConfigurationList section */
	};
	rootObject = A85319672685B2F4005BB320 /* Project object */;
}
